# THIS IS AN AUTOGENERATED FILE. DO NOT EDIT THIS FILE DIRECTLY.
# yarn lockfile v1


"@acemir/cssom@^0.9.31":
  version "0.9.31"
  resolved "https://registry.yarnpkg.com/@acemir/cssom/-/cssom-0.9.31.tgz#bd5337d290fb8be2ac18391f37386bc53778b0bc"
  integrity sha512-ZnR3GSaH+/vJ0YlHau21FjfLYjMpYVIzTD8M8vIEQvIGxeOXyXdzCI140rrCY862p/C/BbzWsjc1dgnM9mkoTA==

"@asamuzakjp/css-color@^4.1.2":
  version "4.1.2"
  resolved "https://registry.yarnpkg.com/@asamuzakjp/css-color/-/css-color-4.1.2.tgz#1123e18b3652ff88fbdd90d61f2e2e44dd8ba28f"
  integrity sha512-NfBUvBaYgKIuq6E/RBLY1m0IohzNHAYyaJGuTK79Z23uNwmz2jl1mPsC5ZxCCxylinKhT1Amn5oNTlx1wN8cQg==
  dependencies:
    "@csstools/css-calc" "^3.0.0"
    "@csstools/css-color-parser" "^4.0.1"
    "@csstools/css-parser-algorithms" "^4.0.0"
    "@csstools/css-tokenizer" "^4.0.0"
    lru-cache "^11.2.5"

"@asamuzakjp/dom-selector@^6.8.1":
  version "6.8.1"
  resolved "https://registry.yarnpkg.com/@asamuzakjp/dom-selector/-/dom-selector-6.8.1.tgz#39b20993672b106f7cd9a3a9a465212e87e0bfd1"
  integrity sha512-MvRz1nCqW0fsy8Qz4dnLIvhOlMzqDVBabZx6lH+YywFDdjXhMY37SmpV1XFX3JzG5GWHn63j6HX6QPr3lZXHvQ==
  dependencies:
    "@asamuzakjp/nwsapi" "^2.3.9"
    bidi-js "^1.0.3"
    css-tree "^3.1.0"
    is-potential-custom-element-name "^1.0.1"
    lru-cache "^11.2.6"

"@asamuzakjp/nwsapi@^2.3.9":
  version "2.3.9"
  resolved "https://registry.yarnpkg.com/@asamuzakjp/nwsapi/-/nwsapi-2.3.9.tgz#ad5549322dfe9d153d4b4dd6f7ff2ae234b06e24"
  integrity sha512-n8GuYSrI9bF7FFZ/SjhwevlHc8xaVlb/7HmHelnc/PZXBD2ZR49NnN9sMMuDdEGPeeRQ5d0hqlSlEpgCX3Wl0Q==

"@bramus/specificity@^2.4.2":
  version "2.4.2"
  resolved "https://registry.yarnpkg.com/@bramus/specificity/-/specificity-2.4.2.tgz#aa8db8eb173fdee7324f82284833106adeecc648"
  integrity sha512-ctxtJ/eA+t+6q2++vj5j7FYX3nRu311q1wfYH3xjlLOsczhlhxAg2FWNUXhpGvAw3BWo1xBcvOV6/YLc2r5FJw==
  dependencies:
    css-tree "^3.0.0"

"@csstools/color-helpers@^6.0.1":
  version "6.0.1"
  resolved "https://registry.yarnpkg.com/@csstools/color-helpers/-/color-helpers-6.0.1.tgz#637c08a61bea78be9b602216f47b0fb93c996178"
  integrity sha512-NmXRccUJMk2AWA5A7e5a//3bCIMyOu2hAtdRYrhPPHjDxINuCwX1w6rnIZ4xjLcp0ayv6h8Pc3X0eJUGiAAXHQ==

"@csstools/css-calc@^3.0.0":
  version "3.1.1"
  resolved "https://registry.yarnpkg.com/@csstools/css-calc/-/css-calc-3.1.1.tgz#78b494996dac41a02797dcca18ac3b46d25b3fd7"
  integrity sha512-HJ26Z/vmsZQqs/o3a6bgKslXGFAungXGbinULZO3eMsOyNJHeBBZfup5FiZInOghgoM4Hwnmw+OgbJCNg1wwUQ==

"@csstools/css-color-parser@^4.0.1":
  version "4.0.1"
  resolved "https://registry.yarnpkg.com/@csstools/css-color-parser/-/css-color-parser-4.0.1.tgz#c40eac0ad218afb20b91735350270df8454ec307"
  integrity sha512-vYwO15eRBEkeF6xjAno/KQ61HacNhfQuuU/eGwH67DplL0zD5ZixUa563phQvUelA07yDczIXdtmYojCphKJcw==
  dependencies:
    "@csstools/color-helpers" "^6.0.1"
    "@csstools/css-calc" "^3.0.0"

"@csstools/css-parser-algorithms@^4.0.0":
  version "4.0.0"
  resolved "https://registry.yarnpkg.com/@csstools/css-parser-algorithms/-/css-parser-algorithms-4.0.0.tgz#e1c65dc09378b42f26a111fca7f7075fc2c26164"
  integrity sha512-+B87qS7fIG3L5h3qwJ/IFbjoVoOe/bpOdh9hAjXbvx0o8ImEmUsGXN0inFOnk2ChCFgqkkGFQ+TpM5rbhkKe4w==

"@csstools/css-syntax-patches-for-csstree@^1.0.26":
  version "1.0.27"
  resolved "https://registry.yarnpkg.com/@csstools/css-syntax-patches-for-csstree/-/css-syntax-patches-for-csstree-1.0.27.tgz#47caab710c26b5cfba200c5820b11dba29a2fcc9"
  integrity sha512-sxP33Jwg1bviSUXAV43cVYdmjt2TLnLXNqCWl9xmxHawWVjGz/kEbdkr7F9pxJNBN2Mh+dq0crgItbW6tQvyow==

"@csstools/css-tokenizer@^4.0.0":
  version "4.0.0"
  resolved "https://registry.yarnpkg.com/@csstools/css-tokenizer/-/css-tokenizer-4.0.0.tgz#798a33950d11226a0ebb6acafa60f5594424967f"
  integrity sha512-QxULHAm7cNu72w97JUNCBFODFaXpbDg+dP8b/oWFAZ2MTRppA3U00Y2L1HqaS4J6yBqxwa/Y3nMBaxVKbB/NsA==

"@exodus/bytes@^1.11.0", "@exodus/bytes@^1.6.0":
  version "1.14.1"
  resolved "https://registry.yarnpkg.com/@exodus/bytes/-/bytes-1.14.1.tgz#9b5c29077162a35f1bd25613e0cd3c239f6e7ad8"
  integrity sha512-OhkBFWI6GcRMUroChZiopRiSp2iAMvEBK47NhJooDqz1RERO4QuZIZnjP63TXX8GAiLABkYmX+fuQsdJ1dd2QQ==

"@types/bun@^1.1.3":
  version "1.3.9"
  resolved "https://registry.yarnpkg.com/@types/bun/-/bun-1.3.9.tgz#a5ed80ea14d6d4197fa32b6e0a651a05b7143657"
  integrity sha512-KQ571yULOdWJiMH+RIWIOZ7B2RXQGpL1YQrBtLIV3FqDcCu6FsbFUBwhdKUlCKUpS3PJDsHlJ1QKlpxoVR+xtw==
  dependencies:
    bun-types "1.3.9"

"@types/node@*":
  version "25.2.3"
  resolved "https://registry.yarnpkg.com/@types/node/-/node-25.2.3.tgz#9c18245be768bdb4ce631566c7da303a5c99a7f8"
  integrity sha512-m0jEgYlYz+mDJZ2+F4v8D1AyQb+QzsNqRuI7xg1VQX/KlKS0qT9r1Mo16yo5F/MtifXFgaofIFsdFMox2SxIbQ==
  dependencies:
    undici-types "~7.16.0"

agent-base@^7.1.0, agent-base@^7.1.2:
  version "7.1.4"
  resolved "https://registry.yarnpkg.com/agent-base/-/agent-base-7.1.4.tgz#e3cd76d4c548ee895d3c3fd8dc1f6c5b9032e7a8"
  integrity sha512-MnA+YT8fwfJPgBx3m60MNqakm30XOkyIoH1y6huTQvC0PwZG7ki8NacLBcrPbNoo8vEZy7Jpuk7+jMO+CUovTQ==

"any-service-api@link:any-service-api":
  version "0.0.0"

bidi-js@^1.0.3:
  version "1.0.3"
  resolved "https://registry.yarnpkg.com/bidi-js/-/bidi-js-1.0.3.tgz#6f8bcf3c877c4d9220ddf49b9bb6930c88f877d2"
  integrity sha512-RKshQI1R3YQ+n9YJz2QQ147P66ELpa1FQEg20Dk8oW9t2KgLbpDLLp9aGZ7y8WHSshDknG0bknqGw5/tyCs5tw==
  dependencies:
    require-from-string "^2.0.2"

bun-types@1.3.9:
  version "1.3.9"
  resolved "https://registry.yarnpkg.com/bun-types/-/bun-types-1.3.9.tgz#2d009624e19b8c122472bc43dc770a7a9db09540"
  integrity sha512-+UBWWOakIP4Tswh0Bt0QD0alpTY8cb5hvgiYeWCMet9YukHbzuruIEeXC2D7nMJPB12kbh8C7XJykSexEqGKJg==
  dependencies:
    "@types/node" "*"

css-tree@^3.0.0, css-tree@^3.1.0:
  version "3.1.0"
  resolved "https://registry.yarnpkg.com/css-tree/-/css-tree-3.1.0.tgz#7aabc035f4e66b5c86f54570d55e05b1346eb0fd"
  integrity sha512-0eW44TGN5SQXU1mWSkKwFstI/22X2bG1nYzZTYMAWjylYURhse752YgbE4Cx46AC+bAvI+/dYTPRk1LqSUnu6w==
  dependencies:
    mdn-data "2.12.2"
    source-map-js "^1.0.1"

cssstyle@^6.0.1:
  version "6.0.1"
  resolved "https://registry.yarnpkg.com/cssstyle/-/cssstyle-6.0.1.tgz#ca992a9dc7118d2a22adef96d01a1979c23ac779"
  integrity sha512-IoJs7La+oFp/AB033wBStxNOJt4+9hHMxsXUPANcoXL2b3W4DZKghlJ2cI/eyeRZIQ9ysvYEorVhjrcYctWbog==
  dependencies:
    "@asamuzakjp/css-color" "^4.1.2"
    "@csstools/css-syntax-patches-for-csstree" "^1.0.26"
    css-tree "^3.1.0"
    lru-cache "^11.2.5"

data-uri-to-buffer@^4.0.0:
  version "4.0.1"
  resolved "https://registry.yarnpkg.com/data-uri-to-buffer/-/data-uri-to-buffer-4.0.1.tgz#d8feb2b2881e6a4f58c2e08acfd0e2834e26222e"
  integrity sha512-0R9ikRb668HB7QDxT1vkpuUBtqc53YyAwMwGeUFKRojY/NWKvdZ+9UYtRfGmhqNbRkTSVpMbmyhXipFFv2cb/A==

data-urls@^7.0.0:
  version "7.0.0"
  resolved "https://registry.yarnpkg.com/data-urls/-/data-urls-7.0.0.tgz#6dce8b63226a1ecfdd907ce18a8ccfb1eee506d3"
  integrity sha512-23XHcCF+coGYevirZceTVD7NdJOqVn+49IHyxgszm+JIiHLoB2TkmPtsYkNWT1pvRSGkc35L6NHs0yHkN2SumA==
  dependencies:
    whatwg-mimetype "^5.0.0"
    whatwg-url "^16.0.0"

debug@4, debug@^4.3.4:
  version "4.4.3"
  resolved "https://registry.yarnpkg.com/debug/-/debug-4.4.3.tgz#c6ae432d9bd9662582fce08709b038c58e9e3d6a"
  integrity sha512-RGwwWnwQvkVfavKVt22FGLw+xYSdzARwm0ru6DhTVA3umU5hZc28V3kO4stgYryrTlLpuvgI9GiijltAjNbcqA==
  dependencies:
    ms "^2.1.3"

decimal.js@^10.6.0:
  version "10.6.0"
  resolved "https://registry.yarnpkg.com/decimal.js/-/decimal.js-10.6.0.tgz#e649a43e3ab953a72192ff5983865e509f37ed9a"
  integrity sha512-YpgQiITW3JXGntzdUmyUR1V812Hn8T1YVXhCu+wO3OpS4eU9l4YdD3qjyiKdV6mvV29zapkMeD390UVEf2lkUg==

entities@^6.0.0:
  version "6.0.1"
  resolved "https://registry.yarnpkg.com/entities/-/entities-6.0.1.tgz#c28c34a43379ca7f61d074130b2f5f7020a30694"
  integrity sha512-aN97NXWF6AWBTahfVOIrB/NShkzi5H7F9r1s9mD3cDj4Ko5f2qhhVoYMibXF7GlLveb/D2ioWay8lxI97Ven3g==

fetch-blob@^3.1.2, fetch-blob@^3.1.4:
  version "3.2.0"
  resolved "https://registry.yarnpkg.com/fetch-blob/-/fetch-blob-3.2.0.tgz#f09b8d4bbd45adc6f0c20b7e787e793e309dcce9"
  integrity sha512-7yAQpD2UMJzLi1Dqv7qFYnPbaPx7ZfFK6PiIxQ4PfkGPyNyl2Ugx+a/umUonmKqjhM4DnfbMvdX6otXq83soQQ==
  dependencies:
    node-domexception "^1.0.0"
    web-streams-polyfill "^3.0.3"

formdata-polyfill@^4.0.10:
  version "4.0.10"
  resolved "https://registry.yarnpkg.com/formdata-polyfill/-/formdata-polyfill-4.0.10.tgz#24807c31c9d402e002ab3d8c720144ceb8848423"
  integrity sha512-buewHzMvYL29jdeQTVILecSaZKnt/RJWjoZCF5OW60Z67/GmSLBkOFM7qh1PI3zFNtJbaZL5eQu1vLfazOwj4g==
  dependencies:
    fetch-blob "^3.1.2"

html-encoding-sniffer@^6.0.0:
  version "6.0.0"
  resolved "https://registry.yarnpkg.com/html-encoding-sniffer/-/html-encoding-sniffer-6.0.0.tgz#f8d9390b3b348b50d4f61c16dd2ef5c05980a882"
  integrity sha512-CV9TW3Y3f8/wT0BRFc1/KAVQ3TUHiXmaAb6VW9vtiMFf7SLoMd1PdAc4W3KFOFETBJUb90KatHqlsZMWV+R9Gg==
  dependencies:
    "@exodus/bytes" "^1.6.0"

http-proxy-agent@^7.0.2:
  version "7.0.2"
  resolved "https://registry.yarnpkg.com/http-proxy-agent/-/http-proxy-agent-7.0.2.tgz#9a8b1f246866c028509486585f62b8f2c18c270e"
  integrity sha512-T1gkAiYYDWYx3V5Bmyu7HcfcvL7mUrTWiM6yOfa3PIphViJ/gFPbvidQ+veqSOHci/PxBcDabeUNCzpOODJZig==
  dependencies:
    agent-base "^7.1.0"
    debug "^4.3.4"

https-proxy-agent@^7.0.6:
  version "7.0.6"
  resolved "https://registry.yarnpkg.com/https-proxy-agent/-/https-proxy-agent-7.0.6.tgz#da8dfeac7da130b05c2ba4b59c9b6cd66611a6b9"
  integrity sha512-vK9P5/iUfdl95AI+JVyUuIcVtd4ofvtrOr3HNtM2yxC9bnMbEdp3x01OhQNnjb8IJYi38VlTE3mBXwcfvywuSw==
  dependencies:
    agent-base "^7.1.2"
    debug "4"

is-potential-custom-element-name@^1.0.1:
  version "1.0.1"
  resolved "https://registry.yarnpkg.com/is-potential-custom-element-name/-/is-potential-custom-element-name-1.0.1.tgz#171ed6f19e3ac554394edf78caa05784a45bebb5"
  integrity sha512-bCYeRA2rVibKZd+s2625gGnGF/t7DSqDs4dP7CrLA1m7jKWz6pps0LpYLJN8Q64HtmPKJ1hrN3nzPNKFEKOUiQ==

jsdom@^28.0.0:
  version "28.1.0"
  resolved "https://registry.yarnpkg.com/jsdom/-/jsdom-28.1.0.tgz#ac4203e58fd24d7b0f34359ab00d6d9caebd4b62"
  integrity sha512-0+MoQNYyr2rBHqO1xilltfDjV9G7ymYGlAUazgcDLQaUf8JDHbuGwsxN6U9qWaElZ4w1B2r7yEGIL3GdeW3Rug==
  dependencies:
    "@acemir/cssom" "^0.9.31"
    "@asamuzakjp/dom-selector" "^6.8.1"
    "@bramus/specificity" "^2.4.2"
    "@exodus/bytes" "^1.11.0"
    cssstyle "^6.0.1"
    data-urls "^7.0.0"
    decimal.js "^10.6.0"
    html-encoding-sniffer "^6.0.0"
    http-proxy-agent "^7.0.2"
    https-proxy-agent "^7.0.6"
    is-potential-custom-element-name "^1.0.1"
    parse5 "^8.0.0"
    saxes "^6.0.0"
    symbol-tree "^3.2.4"
    tough-cookie "^6.0.0"
    undici "^7.21.0"
    w3c-xmlserializer "^5.0.0"
    webidl-conversions "^8.0.1"
    whatwg-mimetype "^5.0.0"
    whatwg-url "^16.0.0"
    xml-name-validator "^5.0.0"

lru-cache@^11.2.5, lru-cache@^11.2.6:
  version "11.2.6"
  resolved "https://registry.yarnpkg.com/lru-cache/-/lru-cache-11.2.6.tgz#356bf8a29e88a7a2945507b31f6429a65a192c58"
  integrity sha512-ESL2CrkS/2wTPfuend7Zhkzo2u0daGJ/A2VucJOgQ/C48S/zB8MMeMHSGKYpXhIjbPxfuezITkaBH1wqv00DDQ==

mdn-data@2.12.2:
  version "2.12.2"
  resolved "https://registry.yarnpkg.com/mdn-data/-/mdn-data-2.12.2.tgz#9ae6c41a9e65adf61318b32bff7b64fbfb13f8cf"
  integrity sha512-IEn+pegP1aManZuckezWCO+XZQDplx1366JoVhTpMpBB1sPey/SbveZQUosKiKiGYjg1wH4pMlNgXbCiYgihQA==

ms@^2.1.3:
  version "2.1.3"
  resolved "https://registry.yarnpkg.com/ms/-/ms-2.1.3.tgz#574c8138ce1d2b5861f0b44579dbadd60c6615b2"
  integrity sha512-6FlzubTLZG3J2a/NVCAleEhjzq5oxgHyaCU9yYXvcLsvoVaHJq/s5xXI6/XXP6tz7R9xAOtHnSO/tXtF3WRTlA==

node-domexception@^1.0.0:
  version "1.0.0"
  resolved "https://registry.yarnpkg.com/node-domexception/-/node-domexception-1.0.0.tgz#6888db46a1f71c0b76b3f7555016b63fe64766e5"
  integrity sha512-/jKZoMpw0F8GRwl4/eLROPA3cfcXtLApP0QzLmUT/HuPCZWyB7IY9ZrMeKw2O/nFIqPQB3PVM9aYm0F312AXDQ==

node-fetch@^3.3.2:
  version "3.3.2"
  resolved "https://registry.yarnpkg.com/node-fetch/-/node-fetch-3.3.2.tgz#d1e889bacdf733b4ff3b2b243eb7a12866a0b78b"
  integrity sha512-dRB78srN/l6gqWulah9SrxeYnxeddIG30+GOqK/9OlLVyLg3HPnr6SqOWTWOXKRwC2eGYCkZ59NNuSgvSrpgOA==
  dependencies:
    data-uri-to-buffer "^4.0.0"
    fetch-blob "^3.1.4"
    formdata-polyfill "^4.0.10"

os-locale@^8.0.0:
  version "8.0.0"
  resolved "https://registry.yarnpkg.com/os-locale/-/os-locale-8.0.0.tgz#b22a286acf569f3c0aeac2c70505d60586e6e29c"
  integrity sha512-0hdyXRn0wSKMTHCo2CkPJdTKzIhg1Wb7DxJtkeD8M8rRXSwP2ZFRu4UiWBnkjPdRbL5X+AnUVXBE2SZOmkm3dg==

parse5@^8.0.0:
  version "8.0.0"
  resolved "https://registry.yarnpkg.com/parse5/-/parse5-8.0.0.tgz#aceb267f6b15f9b6e6ba9e35bfdd481fc2167b12"
  integrity sha512-9m4m5GSgXjL4AjumKzq1Fgfp3Z8rsvjRNbnkVwfu2ImRqE5D0LnY2QfDen18FSY9C573YU5XxSapdHZTZ2WolA==
  dependencies:
    entities "^6.0.0"

punycode@^2.3.1:
  version "2.3.1"
  resolved "https://registry.yarnpkg.com/punycode/-/punycode-2.3.1.tgz#027422e2faec0b25e1549c3e1bd8309b9133b6e5"
  integrity sha512-vYt7UD1U9Wg6138shLtLOvdAu+8DsC/ilFtEVHcH+wydcSpNE20AfSOduf6MkRFahL5FY7X1oU7nKVZFtfq8Fg==

require-from-string@^2.0.2:
  version "2.0.2"
  resolved "https://registry.yarnpkg.com/require-from-string/-/require-from-string-2.0.2.tgz#89a7fdd938261267318eafe14f9c32e598c36909"
  integrity sha512-Xf0nWe6RseziFMu+Ap9biiUbmplq6S9/p+7w7YXP/JBHhrUDDUhwa+vANyubuqfZWTveU//DYVGsDG7RKL/vEw==

saxes@^6.0.0:
  version "6.0.0"
  resolved "https://registry.yarnpkg.com/saxes/-/saxes-6.0.0.tgz#fe5b4a4768df4f14a201b1ba6a65c1f3d9988cc5"
  integrity sha512-xAg7SOnEhrm5zI3puOOKyy1OMcMlIJZYNJY7xLBwSze0UjhPLnWfj2GF2EpT0jmzaJKIWKHLsaSSajf35bcYnA==
  dependencies:
    xmlchars "^2.2.0"

source-map-js@^1.0.1:
  version "1.2.1"
  resolved "https://registry.yarnpkg.com/source-map-js/-/source-map-js-1.2.1.tgz#1ce5650fddd87abc099eda37dcff024c2667ae46"
  integrity sha512-UXWMKhLOwVKb728IUtQPXxfYU+usdybtUrK/8uGE8CQMvrhOpwvzDBwj0QhSL7MQc7vIsISBG8VQ8+IDQxpfQA==

symbol-tree@^3.2.4:
  version "3.2.4"
  resolved "https://registry.yarnpkg.com/symbol-tree/-/symbol-tree-3.2.4.tgz#430637d248ba77e078883951fb9aa0eed7c63fa2"
  integrity sha512-9QNk5KwDF+Bvz+PyObkmSYjI5ksVUYtjW7AU22r2NKcfLJcXp96hkDWU3+XndOsUb+AQ9QhfzfCT2O+CNWT5Tw==

sync-fetch@^0.6.0:
  version "0.6.0"
  resolved "https://registry.yarnpkg.com/sync-fetch/-/sync-fetch-0.6.0.tgz#5759e775f3d5202e1b3d14821bc152fec32aa180"
  integrity sha512-IELLEvzHuCfc1uTsshPK58ViSdNqXxlml1U+fmwJIKLYKOr/rAtBrorE2RYm5IHaMpDNlmC0fr1LAvdXvyheEQ==
  dependencies:
    node-fetch "^3.3.2"
    timeout-signal "^2.0.0"
    whatwg-mimetype "^4.0.0"

timeout-signal@^2.0.0:
  version "2.0.0"
  resolved "https://registry.yarnpkg.com/timeout-signal/-/timeout-signal-2.0.0.tgz#23207ea448d50258bb0defe3beea4a467643abba"
  integrity sha512-YBGpG4bWsHoPvofT6y/5iqulfXIiIErl5B0LdtHT1mGXDFTAhhRrbUpTvBgYbovr+3cKblya2WAOcpoy90XguA==

tldts-core@^7.0.23:
  version "7.0.23"
  resolved "https://registry.yarnpkg.com/tldts-core/-/tldts-core-7.0.23.tgz#47bf18282a44641304a399d247703413b5d3e309"
  integrity sha512-0g9vrtDQLrNIiCj22HSe9d4mLVG3g5ph5DZ8zCKBr4OtrspmNB6ss7hVyzArAeE88ceZocIEGkyW1Ime7fxPtQ==

tldts@^7.0.5:
  version "7.0.23"
  resolved "https://registry.yarnpkg.com/tldts/-/tldts-7.0.23.tgz#444f0f0720fa777839a23ea665e04f61ee57217a"
  integrity sha512-ASdhgQIBSay0R/eXggAkQ53G4nTJqTXqC2kbaBbdDwM7SkjyZyO0OaaN1/FH7U/yCeqOHDwFO5j8+Os/IS1dXw==
  dependencies:
    tldts-core "^7.0.23"

tough-cookie@^6.0.0:
  version "6.0.0"
  resolved "https://registry.yarnpkg.com/tough-cookie/-/tough-cookie-6.0.0.tgz#11e418b7864a2c0d874702bc8ce0f011261940e5"
  integrity sha512-kXuRi1mtaKMrsLUxz3sQYvVl37B0Ns6MzfrtV5DvJceE9bPyspOqk9xxv7XbZWcfLWbFmm997vl83qUWVJA64w==
  dependencies:
    tldts "^7.0.5"

tr46@^6.0.0:
  version "6.0.0"
  resolved "https://registry.yarnpkg.com/tr46/-/tr46-6.0.0.tgz#f5a1ae546a0adb32a277a2278d0d17fa2f9093e6"
  integrity sha512-bLVMLPtstlZ4iMQHpFHTR7GAGj2jxi8Dg0s2h2MafAE4uSWF98FC/3MomU51iQAMf8/qDUbKWf5GxuvvVcXEhw==
  dependencies:
    punycode "^2.3.1"

typescript@^5.0.0:
  version "5.9.3"
  resolved "https://registry.yarnpkg.com/typescript/-/typescript-5.9.3.tgz#5b4f59e15310ab17a216f5d6cf53ee476ede670f"
  integrity sha512-jl1vZzPDinLr9eUt3J/t7V6FgNEw9QjvBPdysz9KfQDD41fQrC2Y4vKQdiaUpFT4bXlb1RHhLpp8wtm6M5TgSw==

undici-types@~7.16.0:
  version "7.16.0"
  resolved "https://registry.yarnpkg.com/undici-types/-/undici-types-7.16.0.tgz#ffccdff36aea4884cbfce9a750a0580224f58a46"
  integrity sha512-Zz+aZWSj8LE6zoxD+xrjh4VfkIG8Ya6LvYkZqtUQGJPZjYl53ypCaUwWqo7eI0x66KBGeRo+mlBEkMSeSZ38Nw==

undici@^7.21.0:
  version "7.22.0"
  resolved "https://registry.yarnpkg.com/undici/-/undici-7.22.0.tgz#7a82590a5908e504a47d85c60b0f89ca14240e60"
  integrity sha512-RqslV2Us5BrllB+JeiZnK4peryVTndy9Dnqq62S3yYRRTj0tFQCwEniUy2167skdGOy3vqRzEvl1Dm4sV2ReDg==

w3c-xmlserializer@^5.0.0:
  version "5.0.0"
  resolved "https://registry.yarnpkg.com/w3c-xmlserializer/-/w3c-xmlserializer-5.0.0.tgz#f925ba26855158594d907313cedd1476c5967f6c"
  integrity sha512-o8qghlI8NZHU1lLPrpi2+Uq7abh4GGPpYANlalzWxyWteJOCsr/P+oPBA49TOLu5FTZO4d3F9MnWJfiMo4BkmA==
  dependencies:
    xml-name-validator "^5.0.0"

web-streams-polyfill@^3.0.3:
  version "3.3.3"
  resolved "https://registry.yarnpkg.com/web-streams-polyfill/-/web-streams-polyfill-3.3.3.tgz#2073b91a2fdb1fbfbd401e7de0ac9f8214cecb4b"
  integrity sha512-d2JWLCivmZYTSIoge9MsgFCZrt571BikcWGYkjC1khllbTeDlGqZ2D8vD8E/lJa8WGWbb7Plm8/XJYV7IJHZZw==

webidl-conversions@^8.0.1:
  version "8.0.1"
  resolved "https://registry.yarnpkg.com/webidl-conversions/-/webidl-conversions-8.0.1.tgz#0657e571fe6f06fcb15ca50ed1fdbcb495cd1686"
  integrity sha512-BMhLD/Sw+GbJC21C/UgyaZX41nPt8bUTg+jWyDeg7e7YN4xOM05YPSIXceACnXVtqyEw/LMClUQMtMZ+PGGpqQ==

whatwg-mimetype@^4.0.0:
  version "4.0.0"
  resolved "https://registry.yarnpkg.com/whatwg-mimetype/-/whatwg-mimetype-4.0.0.tgz#bc1bf94a985dc50388d54a9258ac405c3ca2fc0a"
  integrity sha512-QaKxh0eNIi2mE9p2vEdzfagOKHCcj1pJ56EEHGQOVxp8r9/iszLUUV7v89x9O1p/T+NlTM5W7jW6+cz4Fq1YVg==

whatwg-mimetype@^5.0.0:
  version "5.0.0"
  resolved "https://registry.yarnpkg.com/whatwg-mimetype/-/whatwg-mimetype-5.0.0.tgz#d8232895dbd527ceaee74efd4162008fb8a8cf48"
  integrity sha512-sXcNcHOC51uPGF0P/D4NVtrkjSU2fNsm9iog4ZvZJsL3rjoDAzXZhkm2MWt1y+PUdggKAYVoMAIYcs78wJ51Cw==

whatwg-url@^16.0.0:
  version "16.0.0"
  resolved "https://registry.yarnpkg.com/whatwg-url/-/whatwg-url-16.0.0.tgz#73bafd41b77c54abfa40c4a4fd9c6103024e97d2"
  integrity sha512-9CcxtEKsf53UFwkSUZjG+9vydAsFO4lFHBpJUtjBcoJOCJpKnSJNwCw813zrYJHpCJ7sgfbtOe0V5Ku7Pa1XMQ==
  dependencies:
    "@exodus/bytes" "^1.11.0"
    tr46 "^6.0.0"
    webidl-conversions "^8.0.1"

xml-name-validator@^5.0.0:
  version "5.0.0"
  resolved "https://registry.yarnpkg.com/xml-name-validator/-/xml-name-validator-5.0.0.tgz#82be9b957f7afdacf961e5980f1bf227c0bf7673"
  integrity sha512-EvGK8EJ3DhaHfbRlETOWAS5pO9MZITeauHKJyb8wyajUfQUenkIg2MvLDTZ4T/TgIcm3HU0TFBgWWboAZ30UHg==

xmlchars@^2.2.0:
  version "2.2.0"
  resolved "https://registry.yarnpkg.com/xmlchars/-/xmlchars-2.2.0.tgz#060fe1bcb7f9c76fe2a17db86a9bc3ab894210cb"
  integrity sha512-JZnDKK8B0RCDw84FNdDAIpZK+JuJw+s7Lz8nksI7SIuU3UXJJslUthsi+uWBUYOwPFwW7W7PRLRfUKpxjtjFCw==
