# THIS IS AN AUTOGENERATED FILE. DO NOT EDIT THIS FILE DIRECTLY.
# yarn lockfile v1


"@inquirer/ansi@^2.0.5":
  version "2.0.5"
  resolved "https://registry.yarnpkg.com/@inquirer/ansi/-/ansi-2.0.5.tgz#7b7e121f6a0c40128711daf20325e6ff2cdff8b7"
  integrity sha512-doc2sWgJpbFQ64UflSVd17ibMGDuxO1yKgOgLMwavzESnXjFWJqUeG8saYosqKpHp4kWiM5x1nXvEjbpx90gzw==

"@inquirer/checkbox@^5.1.3":
  version "5.1.3"
  resolved "https://registry.yarnpkg.com/@inquirer/checkbox/-/checkbox-5.1.3.tgz#ec01c39cd80a2b4a4e933bdcecc7e38602c64686"
  integrity sha512-+G7I8CT+EHv/hasNfUl3P37DVoMoZfpA+2FXmM54dA8MxYle1YqucxbacxHalw1iAFSdKNEDTGNV7F+j1Ldqcg==
  dependencies:
    "@inquirer/ansi" "^2.0.5"
    "@inquirer/core" "^11.1.8"
    "@inquirer/figures" "^2.0.5"
    "@inquirer/type" "^4.0.5"

"@inquirer/confirm@^6.0.11":
  version "6.0.11"
  resolved "https://registry.yarnpkg.com/@inquirer/confirm/-/confirm-6.0.11.tgz#82433af8a0d3eb0702c9d47c991cf4c8d354b3cd"
  integrity sha512-pTpHjg0iEIRMYV/7oCZUMf27/383E6Wyhfc/MY+AVQGEoUobffIYWOK9YLP2XFRGz/9i6WlTQh1CkFVIo2Y7XA==
  dependencies:
    "@inquirer/core" "^11.1.8"
    "@inquirer/type" "^4.0.5"

"@inquirer/core@^11.1.8":
  version "11.1.8"
  resolved "https://registry.yarnpkg.com/@inquirer/core/-/core-11.1.8.tgz#4427d13c368156602006161f1bcd981b74f6e4c4"
  integrity sha512-/u+yJk2pOKNDOh1ZgdUH2RQaRx6OOH4I0uwL95qPvTFTIL38YBsuSC4r1yXBB3Q6JvNqFFc202gk0Ew79rrcjA==
  dependencies:
    "@inquirer/ansi" "^2.0.5"
    "@inquirer/figures" "^2.0.5"
    "@inquirer/type" "^4.0.5"
    cli-width "^4.1.0"
    fast-wrap-ansi "^0.2.0"
    mute-stream "^3.0.0"
    signal-exit "^4.1.0"

"@inquirer/editor@^5.1.0":
  version "5.1.0"
  resolved "https://registry.yarnpkg.com/@inquirer/editor/-/editor-5.1.0.tgz#76cbb920c31334ddf7964f5a6994c6279f2535e7"
  integrity sha512-6wlkYl65Qfayy48gPCfU4D7li6KCAGN79mLXa/tYHZH99OfZ820yY+HA+DgE88r8YwwgeuY6PQgNqMeK6LuMmw==
  dependencies:
    "@inquirer/core" "^11.1.8"
    "@inquirer/external-editor" "^3.0.0"
    "@inquirer/type" "^4.0.5"

"@inquirer/expand@^5.0.12":
  version "5.0.12"
  resolved "https://registry.yarnpkg.com/@inquirer/expand/-/expand-5.0.12.tgz#b9e7bdfdaf0d882dbee47fa8213888d1e032d84c"
  integrity sha512-vOfrB33b7YIZfDauXS8vNNz2Z86FozTZLIt7e+7/dCaPJ1RXZsHCuI9TlcERzEUq57vkM+UdnBgxP0rFd23JYQ==
  dependencies:
    "@inquirer/core" "^11.1.8"
    "@inquirer/type" "^4.0.5"

"@inquirer/external-editor@^3.0.0":
  version "3.0.0"
  resolved "https://registry.yarnpkg.com/@inquirer/external-editor/-/external-editor-3.0.0.tgz#915e7d3f808e3d2213c4fe0f525dcd7ea890e78a"
  integrity sha512-lDSwMgg+M5rq6JKBYaJwSX6T9e/HK2qqZ1oxmOwn4AQoJE5D+7TumsxLGC02PWS//rkIVqbZv3XA3ejsc9FYvg==
  dependencies:
    chardet "^2.1.1"
    iconv-lite "^0.7.2"

"@inquirer/figures@^2.0.5":
  version "2.0.5"
  resolved "https://registry.yarnpkg.com/@inquirer/figures/-/figures-2.0.5.tgz#d12f4889ac6ea7731ebc52bd9c066ca51d8fdee7"
  integrity sha512-NsSs4kzfm12lNetHwAn3GEuH317IzpwrMCbOuMIVytpjnJ90YYHNwdRgYGuKmVxwuIqSgqk3M5qqQt1cDk0tGQ==

"@inquirer/input@^5.0.11":
  version "5.0.11"
  resolved "https://registry.yarnpkg.com/@inquirer/input/-/input-5.0.11.tgz#6ab5b614358d934637f29f762a0d994e422c889e"
  integrity sha512-twUWidn4ocPO8qi6fRM7tNWt7W1FOnOZqQ+/+PsfLUacMR5rFLDPK9ql0nBPwxi0oELbo8T5NhRs8B2+qQEqFQ==
  dependencies:
    "@inquirer/core" "^11.1.8"
    "@inquirer/type" "^4.0.5"

"@inquirer/number@^4.0.11":
  version "4.0.11"
  resolved "https://registry.yarnpkg.com/@inquirer/number/-/number-4.0.11.tgz#cae20f40e1c7374b3ca14d6c6265be0c9523457b"
  integrity sha512-Vscmim9TCksQsfjPtka/JwPUcbLhqWYrgfPf1cHrCm24X/F2joFwnageD50yMKsaX14oNGOyKf/RNXAFkNjWpA==
  dependencies:
    "@inquirer/core" "^11.1.8"
    "@inquirer/type" "^4.0.5"

"@inquirer/password@^5.0.11":
  version "5.0.11"
  resolved "https://registry.yarnpkg.com/@inquirer/password/-/password-5.0.11.tgz#adf8ccb5aa3f7649962b01765d7d65f2958e08bb"
  integrity sha512-9KZFeRaNHIcejtPb0wN4ddFc7EvobVoAFa049eS3LrDZFxI8O7xUXiITEOinBzkZFAIwY5V4yzQae/QfO9cbbg==
  dependencies:
    "@inquirer/ansi" "^2.0.5"
    "@inquirer/core" "^11.1.8"
    "@inquirer/type" "^4.0.5"

"@inquirer/prompts@^8.4.1":
  version "8.4.1"
  resolved "https://registry.yarnpkg.com/@inquirer/prompts/-/prompts-8.4.1.tgz#36acb06fbaec5736a3733dbe45a4e5b5c833596b"
  integrity sha512-AH5xPQ997K7e0F0vulPlteIHke2awMkFi8F0dBemrDfmvtPmHJo82mdHbONC4F/t8d1NHwrbI5cGVI+RbLWdoQ==
  dependencies:
    "@inquirer/checkbox" "^5.1.3"
    "@inquirer/confirm" "^6.0.11"
    "@inquirer/editor" "^5.1.0"
    "@inquirer/expand" "^5.0.12"
    "@inquirer/input" "^5.0.11"
    "@inquirer/number" "^4.0.11"
    "@inquirer/password" "^5.0.11"
    "@inquirer/rawlist" "^5.2.7"
    "@inquirer/search" "^4.1.7"
    "@inquirer/select" "^5.1.3"

"@inquirer/rawlist@^5.2.7":
  version "5.2.7"
  resolved "https://registry.yarnpkg.com/@inquirer/rawlist/-/rawlist-5.2.7.tgz#4570fea97d46ba3a2d53820fd9cacc291ed40d28"
  integrity sha512-AqRMiD9+uE1lskDPrdqHwrV/EUmxKEBLX44SR7uxK3vD2413AmVfE5EQaPeNzYf5Pq5SitHJDYUFVF0poIr09w==
  dependencies:
    "@inquirer/core" "^11.1.8"
    "@inquirer/type" "^4.0.5"

"@inquirer/search@^4.1.7":
  version "4.1.7"
  resolved "https://registry.yarnpkg.com/@inquirer/search/-/search-4.1.7.tgz#ac073bbbc850db3b533063ae547df66e23187971"
  integrity sha512-1y7+0N65AWk5RdlXH/Kn13txf3IjIQ7OEfhCEkDTU+h5wKMLq8DUF3P6z+/kLSxDGDtQT1dRBWEUC3o/VvImsQ==
  dependencies:
    "@inquirer/core" "^11.1.8"
    "@inquirer/figures" "^2.0.5"
    "@inquirer/type" "^4.0.5"

"@inquirer/select@^5.1.3":
  version "5.1.3"
  resolved "https://registry.yarnpkg.com/@inquirer/select/-/select-5.1.3.tgz#a7598e59695ccdd9fdfd64d5ea0f90e46b26d559"
  integrity sha512-zYyqWgGQi3NhBcNq4Isc5rB3oEdQEh1Q/EcAnOW0FK4MpnXWkvSBYgA4cYrTM4A9UB573omouZbnL9JJ74Mq3A==
  dependencies:
    "@inquirer/ansi" "^2.0.5"
    "@inquirer/core" "^11.1.8"
    "@inquirer/figures" "^2.0.5"
    "@inquirer/type" "^4.0.5"

"@inquirer/type@^4.0.5":
  version "4.0.5"
  resolved "https://registry.yarnpkg.com/@inquirer/type/-/type-4.0.5.tgz#a02d90e5da8a36dce27ac8e7237a50c99a9003a3"
  integrity sha512-aetVUNeKNc/VriqXlw1NRSW0zhMBB0W4bNbWRJgzRl/3d0QNDQFfk0GO5SDdtjMZVg6o8ZKEiadd7SCCzoOn5Q==

chardet@^2.1.1:
  version "2.1.1"
  resolved "https://registry.yarnpkg.com/chardet/-/chardet-2.1.1.tgz#5c75593704a642f71ee53717df234031e65373c8"
  integrity sha512-PsezH1rqdV9VvyNhxxOW32/d75r01NY7TQCmOqomRo15ZSOKbpTFVsfjghxo6JloQUCGnH4k1LGu0R4yCLlWQQ==

cli-width@^4.1.0:
  version "4.1.0"
  resolved "https://registry.yarnpkg.com/cli-width/-/cli-width-4.1.0.tgz#42daac41d3c254ef38ad8ac037672130173691c5"
  integrity sha512-ouuZd4/dm2Sw5Gmqy6bGyNNNe1qt9RpmxveLSO7KcgsTnU7RXfsw+/bukWGo1abgBiMAic068rclZsO4IWmmxQ==

fast-string-truncated-width@^3.0.2:
  version "3.0.3"
  resolved "https://registry.yarnpkg.com/fast-string-truncated-width/-/fast-string-truncated-width-3.0.3.tgz#23afe0da67d752ca0727538f1e6967759728ce49"
  integrity sha512-0jjjIEL6+0jag3l2XWWizO64/aZVtpiGE3t0Zgqxv0DPuxiMjvB3M24fCyhZUO4KomJQPj3LTSUnDP3GpdwC0g==

fast-string-width@^3.0.2:
  version "3.0.2"
  resolved "https://registry.yarnpkg.com/fast-string-width/-/fast-string-width-3.0.2.tgz#16dbabb491ce5585b5ecb675b65c165d71688eeb"
  integrity sha512-gX8LrtNEI5hq8DVUfRQMbr5lpaS4nMIWV+7XEbXk2b8kiQIizgnlr12B4dA3ZEx3308ze0O4Q1R+cHts8kyUJg==
  dependencies:
    fast-string-truncated-width "^3.0.2"

fast-wrap-ansi@^0.2.0:
  version "0.2.0"
  resolved "https://registry.yarnpkg.com/fast-wrap-ansi/-/fast-wrap-ansi-0.2.0.tgz#c0ae3f3982d061c3d657ec927196fbb47e22fe64"
  integrity sha512-rLV8JHxTyhVmFYhBJuMujcrHqOT2cnO5Zxj37qROj23CP39GXubJRBUFF0z8KFK77Uc0SukZUf7JZhsVEQ6n8w==
  dependencies:
    fast-string-width "^3.0.2"

handlebars@^4.7.7:
  version "4.7.9"
  resolved "https://registry.yarnpkg.com/handlebars/-/handlebars-4.7.9.tgz#6f139082ab58dc4e5a0e51efe7db5ae890d56a0f"
  integrity sha512-4E71E0rpOaQuJR2A3xDZ+GM1HyWYv1clR58tC8emQNeQe3RH7MAzSbat+V0wG78LQBo6m6bzSG/L4pBuCsgnUQ==
  dependencies:
    minimist "^1.2.5"
    neo-async "^2.6.2"
    source-map "^0.6.1"
    wordwrap "^1.0.0"
  optionalDependencies:
    uglify-js "^3.1.4"

iconv-lite@^0.7.2:
  version "0.7.2"
  resolved "https://registry.yarnpkg.com/iconv-lite/-/iconv-lite-0.7.2.tgz#d0bdeac3f12b4835b7359c2ad89c422a4d1cc72e"
  integrity sha512-im9DjEDQ55s9fL4EYzOAv0yMqmMBSZp6G0VvFyTMPKWxiSBHUj9NW/qqLmXUwXrrM7AvqSlTCfvqRb0cM8yYqw==
  dependencies:
    safer-buffer ">= 2.1.2 < 3.0.0"

inquirer@^13.0.0:
  version "13.4.1"
  resolved "https://registry.yarnpkg.com/inquirer/-/inquirer-13.4.1.tgz#19316c3ae38a0b790148bd4265b724f0af31ea94"
  integrity sha512-IUopujY77lFiSaLz0fx6FHEOEANz0nAsqv+vQJddnVshi6wdos984qwjb42mZbH3zCJS4f9ioIGDqSPqMMMXjw==
  dependencies:
    "@inquirer/ansi" "^2.0.5"
    "@inquirer/core" "^11.1.8"
    "@inquirer/prompts" "^8.4.1"
    "@inquirer/type" "^4.0.5"
    mute-stream "^3.0.0"
    run-async "^4.0.6"
    rxjs "^7.8.2"

minimist@^1.2.5:
  version "1.2.8"
  resolved "https://registry.yarnpkg.com/minimist/-/minimist-1.2.8.tgz#c1a464e7693302e082a075cee0c057741ac4772c"
  integrity sha512-2yyAR8qBkN3YuheJanUpWC5U3bb5osDywNB8RzDVlDwDHbocAJveqqj1u8+SVD7jkWT4yvsHCpWqqWqAxb0zCA==

mute-stream@^3.0.0:
  version "3.0.0"
  resolved "https://registry.yarnpkg.com/mute-stream/-/mute-stream-3.0.0.tgz#cd8014dd2acb72e1e91bb67c74f0019e620ba2d1"
  integrity sha512-dkEJPVvun4FryqBmZ5KhDo0K9iDXAwn08tMLDinNdRBNPcYEDiWYysLcc6k3mjTMlbP9KyylvRpd4wFtwrT9rw==

neo-async@^2.6.2:
  version "2.6.2"
  resolved "https://registry.yarnpkg.com/neo-async/-/neo-async-2.6.2.tgz#b4aafb93e3aeb2d8174ca53cf163ab7d7308305f"
  integrity sha512-Yd3UES5mWCSqR+qNT93S3UoYUkqAZ9lLg8a7g9rimsWmYGK8cVToA4/sF3RrshdyV3sAGMXVUmpMYOw+dLpOuw==

run-async@^4.0.6:
  version "4.0.6"
  resolved "https://registry.yarnpkg.com/run-async/-/run-async-4.0.6.tgz#d53b86acb71f42650fe23de2b3c1b6b6b34b9294"
  integrity sha512-IoDlSLTs3Yq593mb3ZoKWKXMNu3UpObxhgA/Xuid5p4bbfi2jdY1Hj0m1K+0/tEuQTxIGMhQDqGjKb7RuxGpAQ==

rxjs@^7.8.2:
  version "7.8.2"
  resolved "https://registry.yarnpkg.com/rxjs/-/rxjs-7.8.2.tgz#955bc473ed8af11a002a2be52071bf475638607b"
  integrity sha512-dhKf903U/PQZY6boNNtAGdWbG85WAbjT/1xYoZIC7FAY0yWapOBQVsVrDl58W86//e1VpMNBtRV4MaXfdMySFA==
  dependencies:
    tslib "^2.1.0"

"safer-buffer@>= 2.1.2 < 3.0.0":
  version "2.1.2"
  resolved "https://registry.yarnpkg.com/safer-buffer/-/safer-buffer-2.1.2.tgz#44fa161b0187b9549dd84bb91802f9bd8385cd6a"
  integrity sha512-YZo3K82SD7Riyi0E1EQPojLz7kpepnSQI9IyPbHHg1XXXevb5dJI7tpyN2ADxGcQbHG7vcyRHk0cbwqcQriUtg==

signal-exit@^4.1.0:
  version "4.1.0"
  resolved "https://registry.yarnpkg.com/signal-exit/-/signal-exit-4.1.0.tgz#952188c1cbd546070e2dd20d0f41c0ae0530cb04"
  integrity sha512-bzyZ1e88w9O1iNJbKnOlvYTrWPDl46O1bG0D3XInv+9tkPrxrN8jUUTiFlDkkmKWgn1M6CfIA13SuGqOa9Korw==

source-map@^0.6.1:
  version "0.6.1"
  resolved "https://registry.yarnpkg.com/source-map/-/source-map-0.6.1.tgz#74722af32e9614e9c287a8d0bbde48b5e2f1a263"
  integrity sha512-UjgapumWlbMhkBgzT7Ykc5YXUT46F0iKu8SGXq0bcwP5dz/h0Plj6enJqjz1Zbq2l5WaqYnrVbwWOWMyF3F47g==

tslib@^2.1.0:
  version "2.8.1"
  resolved "https://registry.yarnpkg.com/tslib/-/tslib-2.8.1.tgz#612efe4ed235d567e8aba5f2a5fab70280ade83f"
  integrity sha512-oJFu94HQb+KVduSUQL7wnpmqnfmLsOA/nAh6b6EH0wCEoK0/mPeXU6c3wKDV83MkOuHPRHtSXKKU99IBazS/2w==

uglify-js@^3.1.4:
  version "3.19.3"
  resolved "https://registry.yarnpkg.com/uglify-js/-/uglify-js-3.19.3.tgz#82315e9bbc6f2b25888858acd1fff8441035b77f"
  integrity sha512-v3Xu+yuwBXisp6QYTcH4UbH+xYJXqnq2m/LtQVWKWzYc1iehYnLixoQDN9FH6/j9/oybfd6W9Ghwkl8+UMKTKQ==

wordwrap@^1.0.0:
  version "1.0.0"
  resolved "https://registry.yarnpkg.com/wordwrap/-/wordwrap-1.0.0.tgz#27584810891456a4171c8d0226441ade90cbcaeb"
  integrity sha512-gvVzJFlPycKc5dZN4yPkP8w7Dc37BtP1yczEneOb4uq34pXZcvrtRTmWV8W+Ume+XCxKgbjM+nevkyFPMybd4Q==
