# THIS IS AN AUTOGENERATED FILE. DO NOT EDIT THIS FILE DIRECTLY.
# yarn lockfile v1


"@inquirer/ansi@^2.0.3":
  version "2.0.3"
  resolved "https://registry.yarnpkg.com/@inquirer/ansi/-/ansi-2.0.3.tgz#3c4c5b587894278996c2750db83d89fb547b796b"
  integrity sha512-g44zhR3NIKVs0zUesa4iMzExmZpLUdTLRMCStqX3GE5NT6VkPcxQGJ+uC8tDgBUC/vB1rUhUd55cOf++4NZcmw==

"@inquirer/checkbox@^5.0.5":
  version "5.0.7"
  resolved "https://registry.yarnpkg.com/@inquirer/checkbox/-/checkbox-5.0.7.tgz#c96f3112f84e27c333a8df2cda95afa035c24953"
  integrity sha512-OGJykc3mpe4kiNXwXlDlP4MFqZso5QOoXJaJrmTJI+Y+gq68wxTyCUIFv34qgwZTHnGGeqwUKGOi4oxptTe+ZQ==
  dependencies:
    "@inquirer/ansi" "^2.0.3"
    "@inquirer/core" "^11.1.4"
    "@inquirer/figures" "^2.0.3"
    "@inquirer/type" "^4.0.3"

"@inquirer/confirm@^6.0.5":
  version "6.0.7"
  resolved "https://registry.yarnpkg.com/@inquirer/confirm/-/confirm-6.0.7.tgz#9e34c740f03e3b57da97b3a98b2d6ef690a1ad9c"
  integrity sha512-lKdNloHLnGoBUUwprxKFd+SpkAnyQTBrZACFPtxDq9GiLICD2t+CaeJ1Ku4goZsGPyBIFc2YYpmDSJLEXoc16g==
  dependencies:
    "@inquirer/core" "^11.1.4"
    "@inquirer/type" "^4.0.3"

"@inquirer/core@^11.1.4":
  version "11.1.4"
  resolved "https://registry.yarnpkg.com/@inquirer/core/-/core-11.1.4.tgz#f9505ede59d7a19ac8857f4085f4b39f1f7d5c35"
  integrity sha512-1HvwyASF0tE/7W8geTTn0ydiWb463pq4SBIpaWcVabTrw55+CiRmytV9eZoqt3ohchsPw4Vv60jfNiI6YljVUg==
  dependencies:
    "@inquirer/ansi" "^2.0.3"
    "@inquirer/figures" "^2.0.3"
    "@inquirer/type" "^4.0.3"
    cli-width "^4.1.0"
    fast-wrap-ansi "^0.2.0"
    mute-stream "^3.0.0"
    signal-exit "^4.1.0"

"@inquirer/editor@^5.0.5":
  version "5.0.7"
  resolved "https://registry.yarnpkg.com/@inquirer/editor/-/editor-5.0.7.tgz#34992efcbc4bd9ba55816861f5a518b96d8facab"
  integrity sha512-d36tisyvmxH7H+LICTeTofrKmJ+R1jAYV8q0VTYh96cm8mP2BdGh9TAIqbCGcciX8/dr0fJW+VJq3jAnco5xfg==
  dependencies:
    "@inquirer/core" "^11.1.4"
    "@inquirer/external-editor" "^2.0.3"
    "@inquirer/type" "^4.0.3"

"@inquirer/expand@^5.0.5":
  version "5.0.7"
  resolved "https://registry.yarnpkg.com/@inquirer/expand/-/expand-5.0.7.tgz#c9366e218b22d27ad3ace66274f754ba8cbb7a42"
  integrity sha512-h2RRFzDdeXOXLrJOUAaHzyR1HbiZlrl/NxorOAgNrzhiSThbwEFVOf88lJzbF5WXGrQ2RwqK2h0xAE7eo8QP5w==
  dependencies:
    "@inquirer/core" "^11.1.4"
    "@inquirer/type" "^4.0.3"

"@inquirer/external-editor@^2.0.3":
  version "2.0.3"
  resolved "https://registry.yarnpkg.com/@inquirer/external-editor/-/external-editor-2.0.3.tgz#c9e84d8d6040968bee33232683b05642001a4731"
  integrity sha512-LgyI7Agbda74/cL5MvA88iDpvdXI2KuMBCGRkbCl2Dg1vzHeOgs+s0SDcXV7b+WZJrv2+ERpWSM65Fpi9VfY3w==
  dependencies:
    chardet "^2.1.1"
    iconv-lite "^0.7.2"

"@inquirer/figures@^2.0.3":
  version "2.0.3"
  resolved "https://registry.yarnpkg.com/@inquirer/figures/-/figures-2.0.3.tgz#9d0cd242fbdb4ed8f1f52836a977eb7071e6c512"
  integrity sha512-y09iGt3JKoOCBQ3w4YrSJdokcD8ciSlMIWsD+auPu+OZpfxLuyz+gICAQ6GCBOmJJt4KEQGHuZSVff2jiNOy7g==

"@inquirer/input@^5.0.5":
  version "5.0.7"
  resolved "https://registry.yarnpkg.com/@inquirer/input/-/input-5.0.7.tgz#60b619f65307062aa5446b31aefde48c90e7e78e"
  integrity sha512-b+eKk/eUvKLQ6c+rDu9u4I1+twdjOfrEaw9NURDpCrWYJTWL1/JQEudZi0AeqXDGcn0tMdhlfpEfjcqr33B/qw==
  dependencies:
    "@inquirer/core" "^11.1.4"
    "@inquirer/type" "^4.0.3"

"@inquirer/number@^4.0.5":
  version "4.0.7"
  resolved "https://registry.yarnpkg.com/@inquirer/number/-/number-4.0.7.tgz#2ff19203d2750975e23cad1867c47d90d43107b2"
  integrity sha512-/l5KxcLFFexzOwh8DcVOI7zgVQCwcBt/9yHWtvMdYvaYLMK5J31BSR/fO3Z9WauA21qwAkDGRvYNHIG4vR6JwA==
  dependencies:
    "@inquirer/core" "^11.1.4"
    "@inquirer/type" "^4.0.3"

"@inquirer/password@^5.0.5":
  version "5.0.7"
  resolved "https://registry.yarnpkg.com/@inquirer/password/-/password-5.0.7.tgz#c39884143d609ba8dca3947e73e1f15ef7fba1f6"
  integrity sha512-h3Rgzb8nFMxgK6X5246MtwTX/rXs5Z58DbeuUKI6W5dQ+CZusEunNeT7rosdB+Upn79BkfZJO0AaiH8MIi9v1A==
  dependencies:
    "@inquirer/ansi" "^2.0.3"
    "@inquirer/core" "^11.1.4"
    "@inquirer/type" "^4.0.3"

"@inquirer/prompts@^8.2.1":
  version "8.2.1"
  resolved "https://registry.yarnpkg.com/@inquirer/prompts/-/prompts-8.2.1.tgz#d724a519273bffec59a0ba2ad35cb705a7e1663a"
  integrity sha512-76knJFW2oXdI6If5YRmEoT5u7l+QroXYrMiINFcb97LsyECgsbO9m6iWlPuhBtaFgNITPHQCk3wbex38q8gsjg==
  dependencies:
    "@inquirer/checkbox" "^5.0.5"
    "@inquirer/confirm" "^6.0.5"
    "@inquirer/editor" "^5.0.5"
    "@inquirer/expand" "^5.0.5"
    "@inquirer/input" "^5.0.5"
    "@inquirer/number" "^4.0.5"
    "@inquirer/password" "^5.0.5"
    "@inquirer/rawlist" "^5.2.1"
    "@inquirer/search" "^4.1.1"
    "@inquirer/select" "^5.0.5"

"@inquirer/rawlist@^5.2.1":
  version "5.2.3"
  resolved "https://registry.yarnpkg.com/@inquirer/rawlist/-/rawlist-5.2.3.tgz#b2eb4ff3da231c2a78e498f46399b7040a532171"
  integrity sha512-EuvV6N/T3xDmRVihAOqfnbmtHGdu26TocRKANvcX/7nLLD8QO0c22Dtlc5C15+V433d9v0E0SSyqywdNCIXfLg==
  dependencies:
    "@inquirer/core" "^11.1.4"
    "@inquirer/type" "^4.0.3"

"@inquirer/search@^4.1.1":
  version "4.1.3"
  resolved "https://registry.yarnpkg.com/@inquirer/search/-/search-4.1.3.tgz#c6a56cfeae1e78addd7bff3fc2912ad56cc063c4"
  integrity sha512-6BE8MqVMakEiLDRtrwj9fbx6AYhuj7McW3GOkOoEiQ5Qkh6v6f5HCoYNqSRE4j6nT+u+73518iUQPE+mZYlAjA==
  dependencies:
    "@inquirer/core" "^11.1.4"
    "@inquirer/figures" "^2.0.3"
    "@inquirer/type" "^4.0.3"

"@inquirer/select@^5.0.5":
  version "5.0.7"
  resolved "https://registry.yarnpkg.com/@inquirer/select/-/select-5.0.7.tgz#141c17352fd9226f16155cd45eefa7f8b3492e24"
  integrity sha512-1JUJIR+Z2PsvwP6VWty7aE0aCPaT2cy2c4Vp3LPhL2Pi3+aXewAld/AyJ/CW9XWx1JbKxmdElfvls/G/7jG7ZQ==
  dependencies:
    "@inquirer/ansi" "^2.0.3"
    "@inquirer/core" "^11.1.4"
    "@inquirer/figures" "^2.0.3"
    "@inquirer/type" "^4.0.3"

"@inquirer/type@^4.0.3":
  version "4.0.3"
  resolved "https://registry.yarnpkg.com/@inquirer/type/-/type-4.0.3.tgz#219b8c29afe366067f90705d156d1b395c9e2af0"
  integrity sha512-cKZN7qcXOpj1h+1eTTcGDVLaBIHNMT1Rz9JqJP5MnEJ0JhgVWllx7H/tahUp5YEK1qaByH2Itb8wLG/iScD5kw==

chardet@^2.1.1:
  version "2.1.1"
  resolved "https://registry.yarnpkg.com/chardet/-/chardet-2.1.1.tgz#5c75593704a642f71ee53717df234031e65373c8"
  integrity sha512-PsezH1rqdV9VvyNhxxOW32/d75r01NY7TQCmOqomRo15ZSOKbpTFVsfjghxo6JloQUCGnH4k1LGu0R4yCLlWQQ==

cli-width@^4.1.0:
  version "4.1.0"
  resolved "https://registry.yarnpkg.com/cli-width/-/cli-width-4.1.0.tgz#42daac41d3c254ef38ad8ac037672130173691c5"
  integrity sha512-ouuZd4/dm2Sw5Gmqy6bGyNNNe1qt9RpmxveLSO7KcgsTnU7RXfsw+/bukWGo1abgBiMAic068rclZsO4IWmmxQ==

fast-string-truncated-width@^3.0.2:
  version "3.0.3"
  resolved "https://registry.yarnpkg.com/fast-string-truncated-width/-/fast-string-truncated-width-3.0.3.tgz#23afe0da67d752ca0727538f1e6967759728ce49"
  integrity sha512-0jjjIEL6+0jag3l2XWWizO64/aZVtpiGE3t0Zgqxv0DPuxiMjvB3M24fCyhZUO4KomJQPj3LTSUnDP3GpdwC0g==

fast-string-width@^3.0.2:
  version "3.0.2"
  resolved "https://registry.yarnpkg.com/fast-string-width/-/fast-string-width-3.0.2.tgz#16dbabb491ce5585b5ecb675b65c165d71688eeb"
  integrity sha512-gX8LrtNEI5hq8DVUfRQMbr5lpaS4nMIWV+7XEbXk2b8kiQIizgnlr12B4dA3ZEx3308ze0O4Q1R+cHts8kyUJg==
  dependencies:
    fast-string-truncated-width "^3.0.2"

fast-wrap-ansi@^0.2.0:
  version "0.2.0"
  resolved "https://registry.yarnpkg.com/fast-wrap-ansi/-/fast-wrap-ansi-0.2.0.tgz#c0ae3f3982d061c3d657ec927196fbb47e22fe64"
  integrity sha512-rLV8JHxTyhVmFYhBJuMujcrHqOT2cnO5Zxj37qROj23CP39GXubJRBUFF0z8KFK77Uc0SukZUf7JZhsVEQ6n8w==
  dependencies:
    fast-string-width "^3.0.2"

handlebars@^4.7.7:
  version "4.7.8"
  resolved "https://registry.yarnpkg.com/handlebars/-/handlebars-4.7.8.tgz#41c42c18b1be2365439188c77c6afae71c0cd9e9"
  integrity sha512-vafaFqs8MZkRrSX7sFVUdo3ap/eNiLnb4IakshzvP56X5Nr1iGKAIqdX6tMlm6HcNRIkr6AxO5jFEoJzzpT8aQ==
  dependencies:
    minimist "^1.2.5"
    neo-async "^2.6.2"
    source-map "^0.6.1"
    wordwrap "^1.0.0"
  optionalDependencies:
    uglify-js "^3.1.4"

iconv-lite@^0.7.2:
  version "0.7.2"
  resolved "https://registry.yarnpkg.com/iconv-lite/-/iconv-lite-0.7.2.tgz#d0bdeac3f12b4835b7359c2ad89c422a4d1cc72e"
  integrity sha512-im9DjEDQ55s9fL4EYzOAv0yMqmMBSZp6G0VvFyTMPKWxiSBHUj9NW/qqLmXUwXrrM7AvqSlTCfvqRb0cM8yYqw==
  dependencies:
    safer-buffer ">= 2.1.2 < 3.0.0"

inquirer@^13.0.0:
  version "13.2.5"
  resolved "https://registry.yarnpkg.com/inquirer/-/inquirer-13.2.5.tgz#945fc995f4ee14547753c78fda37e6f9864030e8"
  integrity sha512-JHvVPgOIre0NrA9o8BGHUBh9rNuKkN1gS1ffbYgy3BuuJmJZhnFy9IHz3pcNbZm9zK6qTYvQ6LN5wl3Xcg4Jkw==
  dependencies:
    "@inquirer/ansi" "^2.0.3"
    "@inquirer/core" "^11.1.4"
    "@inquirer/prompts" "^8.2.1"
    "@inquirer/type" "^4.0.3"
    mute-stream "^3.0.0"
    run-async "^4.0.6"
    rxjs "^7.8.2"

minimist@^1.2.5:
  version "1.2.8"
  resolved "https://registry.yarnpkg.com/minimist/-/minimist-1.2.8.tgz#c1a464e7693302e082a075cee0c057741ac4772c"
  integrity sha512-2yyAR8qBkN3YuheJanUpWC5U3bb5osDywNB8RzDVlDwDHbocAJveqqj1u8+SVD7jkWT4yvsHCpWqqWqAxb0zCA==

mute-stream@^3.0.0:
  version "3.0.0"
  resolved "https://registry.yarnpkg.com/mute-stream/-/mute-stream-3.0.0.tgz#cd8014dd2acb72e1e91bb67c74f0019e620ba2d1"
  integrity sha512-dkEJPVvun4FryqBmZ5KhDo0K9iDXAwn08tMLDinNdRBNPcYEDiWYysLcc6k3mjTMlbP9KyylvRpd4wFtwrT9rw==

neo-async@^2.6.2:
  version "2.6.2"
  resolved "https://registry.yarnpkg.com/neo-async/-/neo-async-2.6.2.tgz#b4aafb93e3aeb2d8174ca53cf163ab7d7308305f"
  integrity sha512-Yd3UES5mWCSqR+qNT93S3UoYUkqAZ9lLg8a7g9rimsWmYGK8cVToA4/sF3RrshdyV3sAGMXVUmpMYOw+dLpOuw==

run-async@^4.0.6:
  version "4.0.6"
  resolved "https://registry.yarnpkg.com/run-async/-/run-async-4.0.6.tgz#d53b86acb71f42650fe23de2b3c1b6b6b34b9294"
  integrity sha512-IoDlSLTs3Yq593mb3ZoKWKXMNu3UpObxhgA/Xuid5p4bbfi2jdY1Hj0m1K+0/tEuQTxIGMhQDqGjKb7RuxGpAQ==

rxjs@^7.8.2:
  version "7.8.2"
  resolved "https://registry.yarnpkg.com/rxjs/-/rxjs-7.8.2.tgz#955bc473ed8af11a002a2be52071bf475638607b"
  integrity sha512-dhKf903U/PQZY6boNNtAGdWbG85WAbjT/1xYoZIC7FAY0yWapOBQVsVrDl58W86//e1VpMNBtRV4MaXfdMySFA==
  dependencies:
    tslib "^2.1.0"

"safer-buffer@>= 2.1.2 < 3.0.0":
  version "2.1.2"
  resolved "https://registry.yarnpkg.com/safer-buffer/-/safer-buffer-2.1.2.tgz#44fa161b0187b9549dd84bb91802f9bd8385cd6a"
  integrity sha512-YZo3K82SD7Riyi0E1EQPojLz7kpepnSQI9IyPbHHg1XXXevb5dJI7tpyN2ADxGcQbHG7vcyRHk0cbwqcQriUtg==

signal-exit@^4.1.0:
  version "4.1.0"
  resolved "https://registry.yarnpkg.com/signal-exit/-/signal-exit-4.1.0.tgz#952188c1cbd546070e2dd20d0f41c0ae0530cb04"
  integrity sha512-bzyZ1e88w9O1iNJbKnOlvYTrWPDl46O1bG0D3XInv+9tkPrxrN8jUUTiFlDkkmKWgn1M6CfIA13SuGqOa9Korw==

source-map@^0.6.1:
  version "0.6.1"
  resolved "https://registry.yarnpkg.com/source-map/-/source-map-0.6.1.tgz#74722af32e9614e9c287a8d0bbde48b5e2f1a263"
  integrity sha512-UjgapumWlbMhkBgzT7Ykc5YXUT46F0iKu8SGXq0bcwP5dz/h0Plj6enJqjz1Zbq2l5WaqYnrVbwWOWMyF3F47g==

tslib@^2.1.0:
  version "2.8.1"
  resolved "https://registry.yarnpkg.com/tslib/-/tslib-2.8.1.tgz#612efe4ed235d567e8aba5f2a5fab70280ade83f"
  integrity sha512-oJFu94HQb+KVduSUQL7wnpmqnfmLsOA/nAh6b6EH0wCEoK0/mPeXU6c3wKDV83MkOuHPRHtSXKKU99IBazS/2w==

uglify-js@^3.1.4:
  version "3.18.0"
  resolved "https://registry.yarnpkg.com/uglify-js/-/uglify-js-3.18.0.tgz#73b576a7e8fda63d2831e293aeead73e0a270deb"
  integrity sha512-SyVVbcNBCk0dzr9XL/R/ySrmYf0s372K6/hFklzgcp2lBFyXtw4I7BOdDjlLhE1aVqaI/SHWXWmYdlZxuyF38A==

wordwrap@^1.0.0:
  version "1.0.0"
  resolved "https://registry.yarnpkg.com/wordwrap/-/wordwrap-1.0.0.tgz#27584810891456a4171c8d0226441ade90cbcaeb"
  integrity sha512-gvVzJFlPycKc5dZN4yPkP8w7Dc37BtP1yczEneOb4uq34pXZcvrtRTmWV8W+Ume+XCxKgbjM+nevkyFPMybd4Q==
